{
    "_readme": [
        "This file locks the dependencies of your project to a known state",
        "Read more about it at https://getcomposer.org/doc/01-basic-usage.md#installing-dependencies",
        "This file is @generated automatically"
    ],
    "content-hash": "8fa45f267c6c9f2df5b33c81f35f9707",
    "packages": [],
    "packages-dev": [],
    "aliases": [],
    "minimum-stability": "stable",
    "stability-flags": [],
    "prefer-stable": false,
    "prefer-lowest": false,
    "platform": {
        "php": ">=8.2",
        "ext-pdo": "*",
        "ext-mbstring": "*",
        "ext-json": "*",
        "ext-intl": "*"
    },
    "platform-dev": [],
    "plugin-api-version": "2.6.0"
}
